// !$*UTF8*$!
{
	archiveVersion = 1;
	classes = {
	};
	objectVersion = 56;
	objects = {

/* Begin PBXBuildFile section */
		D0426DFB2A01B6D30009BEB0 /* WeatherAppApp.swift in Sources */ = {isa = PBXBuildFile; fileRef = D0426DFA2A01B6D30009BEB0 /* WeatherAppApp.swift */; };
		D0426DFD2A01B6D30009BEB0 /* ContentView.swift in Sources */ = {isa = PBXBuildFile; fileRef = D0426DFC2A01B6D30009BEB0 /* ContentView.swift */; };
		D0426DFF2A01B6D40009BEB0 /* Assets.xcassets in Resources */ = {isa = PBXBuildFile; fileRef = D0426DFE2A01B6D40009BEB0 /* Assets.xcassets */; };
		D0426E022A01B6D40009BEB0 /* Preview Assets.xcassets in Resources */ = {isa = PBXBuildFile; fileRef = D0426E012A01B6D40009BEB0 /* Preview Assets.xcassets */; };
		D0426E0C2A01B6D50009BEB0 /* WeatherAppTests.swift in Sources */ = {isa = PBXBuildFile; fileRef = D0426E0B2A01B6D50009BEB0 /* WeatherAppTests.swift */; };
		D0426E162A01B6D50009BEB0 /* WeatherAppUITests.swift in Sources */ = {isa = PBXBuildFile; fileRef = D0426E152A01B6D50009BEB0 /* WeatherAppUITests.swift */; };
		D0426E182A01B6D50009BEB0 /* WeatherAppUITestsLaunchTests.swift in Sources */ = {isa = PBXBuildFile; fileRef = D0426E172A01B6D50009BEB0 /* WeatherAppUITestsLaunchTests.swift */; };
		D0426E262A01B90B0009BEB0 /* LocationManager.swift in Sources */ = {isa = PBXBuildFile; fileRef = D0426E252A01B90B0009BEB0 /* LocationManager.swift */; };
		D0426E292A01BAF70009BEB0 /* WelcomeView.swift in Sources */ = {isa = PBXBuildFile; fileRef = D0426E282A01BAF70009BEB0 /* WelcomeView.swift */; };
		D0426E2B2A01C0160009BEB0 /* LoadingView.swift in Sources */ = {isa = PBXBuildFile; fileRef = D0426E2A2A01C0160009BEB0 /* LoadingView.swift */; };
		D0426E2D2A01D51F0009BEB0 /* WeatherManager.swift in Sources */ = {isa = PBXBuildFile; fileRef = D0426E2C2A01D51F0009BEB0 /* WeatherManager.swift */; };
		D0426E2F2A01DEC90009BEB0 /* WeatherView.swift in Sources */ = {isa = PBXBuildFile; fileRef = D0426E2E2A01DEC90009BEB0 /* WeatherView.swift */; };
		D0426E312A01DF2E0009BEB0 /* ModelData.swift in Sources */ = {isa = PBXBuildFile; fileRef = D0426E302A01DF2E0009BEB0 /* ModelData.swift */; };
		D0426E332A01DF870009BEB0 /* weatherData.json in Resources */ = {isa = PBXBuildFile; fileRef = D0426E322A01DF870009BEB0 /* weatherData.json */; };
		D0426E352A01E1EA0009BEB0 /* Extensions.swift in Sources */ = {isa = PBXBuildFile; fileRef = D0426E342A01E1EA0009BEB0 /* Extensions.swift */; };
		D0426E382A01E44E0009BEB0 /* WeatherRow.swift in Sources */ = {isa = PBXBuildFile; fileRef = D0426E372A01E44E0009BEB0 /* WeatherRow.swift */; };
		D0426E3A2A02DFAE0009BEB0 /* BottomSheet.swift in Sources */ = {isa = PBXBuildFile; fileRef = D0426E392A02DFAE0009BEB0 /* BottomSheet.swift */; };
		D0426E3C2A02E3620009BEB0 /* BottomSheetContentView.swift in Sources */ = {isa = PBXBuildFile; fileRef = D0426E3B2A02E3620009BEB0 /* BottomSheetContentView.swift */; };
		D0426E402A032E160009BEB0 /* SearchBar.swift in Sources */ = {isa = PBXBuildFile; fileRef = D0426E3F2A032E160009BEB0 /* SearchBar.swift */; };
		D0426E422A0428200009BEB0 /* HourlyWeeklyControl.swift in Sources */ = {isa = PBXBuildFile; fileRef = D0426E412A0428200009BEB0 /* HourlyWeeklyControl.swift */; };
		D0426E442A042B0A0009BEB0 /* ForecastRow.swift in Sources */ = {isa = PBXBuildFile; fileRef = D0426E432A042B0A0009BEB0 /* ForecastRow.swift */; };
		D060C1532A044B8200311DCB /* ForecastModel.swift in Sources */ = {isa = PBXBuildFile; fileRef = D060C1522A044B8200311DCB /* ForecastModel.swift */; };
		D060C1552A04567100311DCB /* WeatherWidget.swift in Sources */ = {isa = PBXBuildFile; fileRef = D060C1542A04567100311DCB /* WeatherWidget.swift */; };
		D060C1572A04625B00311DCB /* CityView.swift in Sources */ = {isa = PBXBuildFile; fileRef = D060C1562A04625B00311DCB /* CityView.swift */; };
/* End PBXBuildFile section */

/* Begin PBXContainerItemProxy section */
		D0426E082A01B6D50009BEB0 /* PBXContainerItemProxy */ = {
			isa = PBXContainerItemProxy;
			containerPortal = D0426DEF2A01B6D30009BEB0 /* Project object */;
			proxyType = 1;
			remoteGlobalIDString = D0426DF62A01B6D30009BEB0;
			remoteInfo = WeatherApp;
		};
		D0426E122A01B6D50009BEB0 /* PBXContainerItemProxy */ = {
			isa = PBXContainerItemProxy;
			containerPortal = D0426DEF2A01B6D30009BEB0 /* Project object */;
			proxyType = 1;
			remoteGlobalIDString = D0426DF62A01B6D30009BEB0;
			remoteInfo = WeatherApp;
		};
/* End PBXContainerItemProxy section */

/* Begin PBXFileReference section */
		D0426DF72A01B6D30009BEB0 /* WeatherApp.app */ = {isa = PBXFileReference; explicitFileType = wrapper.application; includeInIndex = 0; path = WeatherApp.app; sourceTree = BUILT_PRODUCTS_DIR; };
		D0426DFA2A01B6D30009BEB0 /* WeatherAppApp.swift */ = {isa = PBXFileReference; lastKnownFileType = sourcecode.swift; path = WeatherAppApp.swift; sourceTree = "<group>"; };
		D0426DFC2A01B6D30009BEB0 /* ContentView.swift */ = {isa = PBXFileReference; lastKnownFileType = sourcecode.swift; path = ContentView.swift; sourceTree = "<group>"; };
		D0426DFE2A01B6D40009BEB0 /* Assets.xcassets */ = {isa = PBXFileReference; lastKnownFileType = folder.assetcatalog; path = Assets.xcassets; sourceTree = "<group>"; };
		D0426E012A01B6D40009BEB0 /* Preview Assets.xcassets */ = {isa = PBXFileReference; lastKnownFileType = folder.assetcatalog; path = "Preview Assets.xcassets"; sourceTree = "<group>"; };
		D0426E072A01B6D50009BEB0 /* WeatherAppTests.xctest */ = {isa = PBXFileReference; explicitFileType = wrapper.cfbundle; includeInIndex = 0; path = WeatherAppTests.xctest; sourceTree = BUILT_PRODUCTS_DIR; };
		D0426E0B2A01B6D50009BEB0 /* WeatherAppTests.swift */ = {isa = PBXFileReference; lastKnownFileType = sourcecode.swift; path = WeatherAppTests.swift; sourceTree = "<group>"; };
		D0426E112A01B6D50009BEB0 /* WeatherAppUITests.xctest */ = {isa = PBXFileReference; explicitFileType = wrapper.cfbundle; includeInIndex = 0; path = WeatherAppUITests.xctest; sourceTree = BUILT_PRODUCTS_DIR; };
		D0426E152A01B6D50009BEB0 /* WeatherAppUITests.swift */ = {isa = PBXFileReference; lastKnownFileType = sourcecode.swift; path = WeatherAppUITests.swift; sourceTree = "<group>"; };
		D0426E172A01B6D50009BEB0 /* WeatherAppUITestsLaunchTests.swift */ = {isa = PBXFileReference; lastKnownFileType = sourcecode.swift; path = WeatherAppUITestsLaunchTests.swift; sourceTree = "<group>"; };
		D0426E252A01B90B0009BEB0 /* LocationManager.swift */ = {isa = PBXFileReference; lastKnownFileType = sourcecode.swift; path = LocationManager.swift; sourceTree = "<group>"; };
		D0426E282A01BAF70009BEB0 /* WelcomeView.swift */ = {isa = PBXFileReference; lastKnownFileType = sourcecode.swift; path = WelcomeView.swift; sourceTree = "<group>"; };
		D0426E2A2A01C0160009BEB0 /* LoadingView.swift */ = {isa = PBXFileReference; lastKnownFileType = sourcecode.swift; path = LoadingView.swift; sourceTree = "<group>"; };
		D0426E2C2A01D51F0009BEB0 /* WeatherManager.swift */ = {isa = PBXFileReference; lastKnownFileType = sourcecode.swift; path = WeatherManager.swift; sourceTree = "<group>"; };
		D0426E2E2A01DEC90009BEB0 /* WeatherView.swift */ = {isa = PBXFileReference; lastKnownFileType = sourcecode.swift; path = WeatherView.swift; sourceTree = "<group>"; };
		D0426E302A01DF2E0009BEB0 /* ModelData.swift */ = {isa = PBXFileReference; lastKnownFileType = sourcecode.swift; path = ModelData.swift; sourceTree = "<group>"; };
		D0426E322A01DF870009BEB0 /* weatherData.json */ = {isa = PBXFileReference; lastKnownFileType = text.json; path = weatherData.json; sourceTree = "<group>"; };
		D0426E342A01E1EA0009BEB0 /* Extensions.swift */ = {isa = PBXFileReference; lastKnownFileType = sourcecode.swift; path = Extensions.swift; sourceTree = "<group>"; };
		D0426E372A01E44E0009BEB0 /* WeatherRow.swift */ = {isa = PBXFileReference; lastKnownFileType = sourcecode.swift; path = WeatherRow.swift; sourceTree = "<group>"; };
		D0426E392A02DFAE0009BEB0 /* BottomSheet.swift */ = {isa = PBXFileReference; lastKnownFileType = sourcecode.swift; path = BottomSheet.swift; sourceTree = "<group>"; };
		D0426E3B2A02E3620009BEB0 /* BottomSheetContentView.swift */ = {isa = PBXFileReference; lastKnownFileType = sourcecode.swift; path = BottomSheetContentView.swift; sourceTree = "<group>"; };
		D0426E3F2A032E160009BEB0 /* SearchBar.swift */ = {isa = PBXFileReference; lastKnownFileType = sourcecode.swift; path = SearchBar.swift; sourceTree = "<group>"; };
		D0426E412A0428200009BEB0 /* HourlyWeeklyControl.swift */ = {isa = PBXFileReference; lastKnownFileType = sourcecode.swift; path = HourlyWeeklyControl.swift; sourceTree = "<group>"; };
		D0426E432A042B0A0009BEB0 /* ForecastRow.swift */ = {isa = PBXFileReference; lastKnownFileType = sourcecode.swift; path = ForecastRow.swift; sourceTree = "<group>"; };
		D060C1522A044B8200311DCB /* ForecastModel.swift */ = {isa = PBXFileReference; lastKnownFileType = sourcecode.swift; path = ForecastModel.swift; sourceTree = "<group>"; };
		D060C1542A04567100311DCB /* WeatherWidget.swift */ = {isa = PBXFileReference; lastKnownFileType = sourcecode.swift; path = WeatherWidget.swift; sourceTree = "<group>"; };
		D060C1562A04625B00311DCB /* CityView.swift */ = {isa = PBXFileReference; lastKnownFileType = sourcecode.swift; path = CityView.swift; sourceTree = "<group>"; };
/* End PBXFileReference section */

/* Begin PBXFrameworksBuildPhase section */
		D0426DF42A01B6D30009BEB0 /* Frameworks */ = {
			isa = PBXFrameworksBuildPhase;
			buildActionMask = 2147483647;
			files = (
			);
			runOnlyForDeploymentPostprocessing = 0;
		};
		D0426E042A01B6D50009BEB0 /* Frameworks */ = {
			isa = PBXFrameworksBuildPhase;
			buildActionMask = 2147483647;
			files = (
			);
			runOnlyForDeploymentPostprocessing = 0;
		};
		D0426E0E2A01B6D50009BEB0 /* Frameworks */ = {
			isa = PBXFrameworksBuildPhase;
			buildActionMask = 2147483647;
			files = (
			);
			runOnlyForDeploymentPostprocessing = 0;
		};
/* End PBXFrameworksBuildPhase section */

/* Begin PBXGroup section */
		D0426DEE2A01B6D30009BEB0 = {
			isa = PBXGroup;
			children = (
				D0426DF92A01B6D30009BEB0 /* WeatherApp */,
				D0426E0A2A01B6D50009BEB0 /* WeatherAppTests */,
				D0426E142A01B6D50009BEB0 /* WeatherAppUITests */,
				D0426DF82A01B6D30009BEB0 /* Products */,
			);
			sourceTree = "<group>";
		};
		D0426DF82A01B6D30009BEB0 /* Products */ = {
			isa = PBXGroup;
			children = (
				D0426DF72A01B6D30009BEB0 /* WeatherApp.app */,
				D0426E072A01B6D50009BEB0 /* WeatherAppTests.xctest */,
				D0426E112A01B6D50009BEB0 /* WeatherAppUITests.xctest */,
			);
			name = Products;
			sourceTree = "<group>";
		};
		D0426DF92A01B6D30009BEB0 /* WeatherApp */ = {
			isa = PBXGroup;
			children = (
				D0426E362A01E4360009BEB0 /* Components */,
				D0426E272A01BA890009BEB0 /* Views */,
				D0426E242A01B8F60009BEB0 /* Managers */,
				D0426DFA2A01B6D30009BEB0 /* WeatherAppApp.swift */,
				D0426DFE2A01B6D40009BEB0 /* Assets.xcassets */,
				D0426E002A01B6D40009BEB0 /* Preview Content */,
				D0426E342A01E1EA0009BEB0 /* Extensions.swift */,
			);
			path = WeatherApp;
			sourceTree = "<group>";
		};
		D0426E002A01B6D40009BEB0 /* Preview Content */ = {
			isa = PBXGroup;
			children = (
				D0426E012A01B6D40009BEB0 /* Preview Assets.xcassets */,
				D0426E302A01DF2E0009BEB0 /* ModelData.swift */,
				D0426E322A01DF870009BEB0 /* weatherData.json */,
				D060C1522A044B8200311DCB /* ForecastModel.swift */,
			);
			path = "Preview Content";
			sourceTree = "<group>";
		};
		D0426E0A2A01B6D50009BEB0 /* WeatherAppTests */ = {
			isa = PBXGroup;
			children = (
				D0426E0B2A01B6D50009BEB0 /* WeatherAppTests.swift */,
			);
			path = WeatherAppTests;
			sourceTree = "<group>";
		};
		D0426E142A01B6D50009BEB0 /* WeatherAppUITests */ = {
			isa = PBXGroup;
			children = (
				D0426E152A01B6D50009BEB0 /* WeatherAppUITests.swift */,
				D0426E172A01B6D50009BEB0 /* WeatherAppUITestsLaunchTests.swift */,
			);
			path = WeatherAppUITests;
			sourceTree = "<group>";
		};
		D0426E242A01B8F60009BEB0 /* Managers */ = {
			isa = PBXGroup;
			children = (
				D0426E252A01B90B0009BEB0 /* LocationManager.swift */,
				D0426E2C2A01D51F0009BEB0 /* WeatherManager.swift */,
			);
			path = Managers;
			sourceTree = "<group>";
		};
		D0426E272A01BA890009BEB0 /* Views */ = {
			isa = PBXGroup;
			children = (
				D0426DFC2A01B6D30009BEB0 /* ContentView.swift */,
				D0426E282A01BAF70009BEB0 /* WelcomeView.swift */,
				D0426E2A2A01C0160009BEB0 /* LoadingView.swift */,
				D0426E2E2A01DEC90009BEB0 /* WeatherView.swift */,
				D0426E392A02DFAE0009BEB0 /* BottomSheet.swift */,
				D0426E3B2A02E3620009BEB0 /* BottomSheetContentView.swift */,
				D060C1562A04625B00311DCB /* CityView.swift */,
			);
			path = Views;
			sourceTree = "<group>";
		};
		D0426E362A01E4360009BEB0 /* Components */ = {
			isa = PBXGroup;
			children = (
				D0426E372A01E44E0009BEB0 /* WeatherRow.swift */,
				D0426E3F2A032E160009BEB0 /* SearchBar.swift */,
				D0426E412A0428200009BEB0 /* HourlyWeeklyControl.swift */,
				D0426E432A042B0A0009BEB0 /* ForecastRow.swift */,
				D060C1542A04567100311DCB /* WeatherWidget.swift */,
			);
			path = Components;
			sourceTree = "<group>";
		};
/* End PBXGroup section */

/* Begin PBXNativeTarget section */
		D0426DF62A01B6D30009BEB0 /* WeatherApp */ = {
			isa = PBXNativeTarget;
			buildConfigurationList = D0426E1B2A01B6D50009BEB0 /* Build configuration list for PBXNativeTarget "WeatherApp" */;
			buildPhases = (
				D0426DF32A01B6D30009BEB0 /* Sources */,
				D0426DF42A01B6D30009BEB0 /* Frameworks */,
				D0426DF52A01B6D30009BEB0 /* Resources */,
			);
			buildRules = (
			);
			dependencies = (
			);
			name = WeatherApp;
			productName = WeatherApp;
			productReference = D0426DF72A01B6D30009BEB0 /* WeatherApp.app */;
			productType = "com.apple.product-type.application";
		};
		D0426E062A01B6D50009BEB0 /* WeatherAppTests */ = {
			isa = PBXNativeTarget;
			buildConfigurationList = D0426E1E2A01B6D50009BEB0 /* Build configuration list for PBXNativeTarget "WeatherAppTests" */;
			buildPhases = (
				D0426E032A01B6D50009BEB0 /* Sources */,
				D0426E042A01B6D50009BEB0 /* Frameworks */,
				D0426E052A01B6D50009BEB0 /* Resources */,
			);
			buildRules = (
			);
			dependencies = (
				D0426E092A01B6D50009BEB0 /* PBXTargetDependency */,
			);
			name = WeatherAppTests;
			productName = WeatherAppTests;
			productReference = D0426E072A01B6D50009BEB0 /* WeatherAppTests.xctest */;
			productType = "com.apple.product-type.bundle.unit-test";
		};
		D0426E102A01B6D50009BEB0 /* WeatherAppUITests */ = {
			isa = PBXNativeTarget;
			buildConfigurationList = D0426E212A01B6D50009BEB0 /* Build configuration list for PBXNativeTarget "WeatherAppUITests" */;
			buildPhases = (
				D0426E0D2A01B6D50009BEB0 /* Sources */,
				D0426E0E2A01B6D50009BEB0 /* Frameworks */,
				D0426E0F2A01B6D50009BEB0 /* Resources */,
			);
			buildRules = (
			);
			dependencies = (
				D0426E132A01B6D50009BEB0 /* PBXTargetDependency */,
			);
			name = WeatherAppUITests;
			productName = WeatherAppUITests;
			productReference = D0426E112A01B6D50009BEB0 /* WeatherAppUITests.xctest */;
			productType = "com.apple.product-type.bundle.ui-testing";
		};
/* End PBXNativeTarget section */

/* Begin PBXProject section */
		D0426DEF2A01B6D30009BEB0 /* Project object */ = {
			isa = PBXProject;
			attributes = {
				BuildIndependentTargetsInParallel = 1;
				LastSwiftUpdateCheck = 1430;
				LastUpgradeCheck = 1430;
				TargetAttributes = {
					D0426DF62A01B6D30009BEB0 = {
						CreatedOnToolsVersion = 14.3;
					};
					D0426E062A01B6D50009BEB0 = {
						CreatedOnToolsVersion = 14.3;
						TestTargetID = D0426DF62A01B6D30009BEB0;
					};
					D0426E102A01B6D50009BEB0 = {
						CreatedOnToolsVersion = 14.3;
						TestTargetID = D0426DF62A01B6D30009BEB0;
					};
				};
			};
			buildConfigurationList = D0426DF22A01B6D30009BEB0 /* Build configuration list for PBXProject "WeatherApp" */;
			compatibilityVersion = "Xcode 14.0";
			developmentRegion = en;
			hasScannedForEncodings = 0;
			knownRegions = (
				en,
				Base,
			);
			mainGroup = D0426DEE2A01B6D30009BEB0;
			productRefGroup = D0426DF82A01B6D30009BEB0 /* Products */;
			projectDirPath = "";
			projectRoot = "";
			targets = (
				D0426DF62A01B6D30009BEB0 /* WeatherApp */,
				D0426E062A01B6D50009BEB0 /* WeatherAppTests */,
				D0426E102A01B6D50009BEB0 /* WeatherAppUITests */,
			);
		};
/* End PBXProject section */

/* Begin PBXResourcesBuildPhase section */
		D0426DF52A01B6D30009BEB0 /* Resources */ = {
			isa = PBXResourcesBuildPhase;
			buildActionMask = 2147483647;
			files = (
				D0426E022A01B6D40009BEB0 /* Preview Assets.xcassets in Resources */,
				D0426E332A01DF870009BEB0 /* weatherData.json in Resources */,
				D0426DFF2A01B6D40009BEB0 /* Assets.xcassets in Resources */,
			);
			runOnlyForDeploymentPostprocessing = 0;
		};
		D0426E052A01B6D50009BEB0 /* Resources */ = {
			isa = PBXResourcesBuildPhase;
			buildActionMask = 2147483647;
			files = (
			);
			runOnlyForDeploymentPostprocessing = 0;
		};
		D0426E0F2A01B6D50009BEB0 /* Resources */ = {
			isa = PBXResourcesBuildPhase;
			buildActionMask = 2147483647;
			files = (
			);
			runOnlyForDeploymentPostprocessing = 0;
		};
/* End PBXResourcesBuildPhase section */

/* Begin PBXSourcesBuildPhase section */
		D0426DF32A01B6D30009BEB0 /* Sources */ = {
			isa = PBXSourcesBuildPhase;
			buildActionMask = 2147483647;
			files = (
				D0426E402A032E160009BEB0 /* SearchBar.swift in Sources */,
				D0426E2D2A01D51F0009BEB0 /* WeatherManager.swift in Sources */,
				D0426E352A01E1EA0009BEB0 /* Extensions.swift in Sources */,
				D0426E3A2A02DFAE0009BEB0 /* BottomSheet.swift in Sources */,
				D0426DFD2A01B6D30009BEB0 /* ContentView.swift in Sources */,
				D0426DFB2A01B6D30009BEB0 /* WeatherAppApp.swift in Sources */,
				D060C1532A044B8200311DCB /* ForecastModel.swift in Sources */,
				D060C1572A04625B00311DCB /* CityView.swift in Sources */,
				D0426E262A01B90B0009BEB0 /* LocationManager.swift in Sources */,
				D0426E382A01E44E0009BEB0 /* WeatherRow.swift in Sources */,
				D0426E2B2A01C0160009BEB0 /* LoadingView.swift in Sources */,
				D0426E312A01DF2E0009BEB0 /* ModelData.swift in Sources */,
				D060C1552A04567100311DCB /* WeatherWidget.swift in Sources */,
				D0426E2F2A01DEC90009BEB0 /* WeatherView.swift in Sources */,
				D0426E442A042B0A0009BEB0 /* ForecastRow.swift in Sources */,
				D0426E292A01BAF70009BEB0 /* WelcomeView.swift in Sources */,
				D0426E3C2A02E3620009BEB0 /* BottomSheetContentView.swift in Sources */,
				D0426E422A0428200009BEB0 /* HourlyWeeklyControl.swift in Sources */,
			);
			runOnlyForDeploymentPostprocessing = 0;
		};
		D0426E032A01B6D50009BEB0 /* Sources */ = {
			isa = PBXSourcesBuildPhase;
			buildActionMask = 2147483647;
			files = (
				D0426E0C2A01B6D50009BEB0 /* WeatherAppTests.swift in Sources */,
			);
			runOnlyForDeploymentPostprocessing = 0;
		};
		D0426E0D2A01B6D50009BEB0 /* Sources */ = {
			isa = PBXSourcesBuildPhase;
			buildActionMask = 2147483647;
			files = (
				D0426E162A01B6D50009BEB0 /* WeatherAppUITests.swift in Sources */,
				D0426E182A01B6D50009BEB0 /* WeatherAppUITestsLaunchTests.swift in Sources */,
			);
			runOnlyForDeploymentPostprocessing = 0;
		};
/* End PBXSourcesBuildPhase section */

/* Begin PBXTargetDependency section */
		D0426E092A01B6D50009BEB0 /* PBXTargetDependency */ = {
			isa = PBXTargetDependency;
			target = D0426DF62A01B6D30009BEB0 /* WeatherApp */;
			targetProxy = D0426E082A01B6D50009BEB0 /* PBXContainerItemProxy */;
		};
		D0426E132A01B6D50009BEB0 /* PBXTargetDependency */ = {
			isa = PBXTargetDependency;
			target = D0426DF62A01B6D30009BEB0 /* WeatherApp */;
			targetProxy = D0426E122A01B6D50009BEB0 /* PBXContainerItemProxy */;
		};
/* End PBXTargetDependency section */

/* Begin XCBuildConfiguration section */
		D0426E192A01B6D50009BEB0 /* Debug */ = {
			isa = XCBuildConfiguration;
			buildSettings = {
				ALWAYS_SEARCH_USER_PATHS = NO;
				CLANG_ANALYZER_NONNULL = YES;
				CLANG_ANALYZER_NUMBER_OBJECT_CONVERSION = YES_AGGRESSIVE;
				CLANG_CXX_LANGUAGE_STANDARD = "gnu++20";
				CLANG_ENABLE_MODULES = YES;
				CLANG_ENABLE_OBJC_ARC = YES;
				CLANG_ENABLE_OBJC_WEAK = YES;
				CLANG_WARN_BLOCK_CAPTURE_AUTORELEASING = YES;
				CLANG_WARN_BOOL_CONVERSION = YES;
				CLANG_WARN_COMMA = YES;
				CLANG_WARN_CONSTANT_CONVERSION = YES;
				CLANG_WARN_DEPRECATED_OBJC_IMPLEMENTATIONS = YES;
				CLANG_WARN_DIRECT_OBJC_ISA_USAGE = YES_ERROR;
				CLANG_WARN_DOCUMENTATION_COMMENTS = YES;
				CLANG_WARN_EMPTY_BODY = YES;
				CLANG_WARN_ENUM_CONVERSION = YES;
				CLANG_WARN_INFINITE_RECURSION = YES;
				CLANG_WARN_INT_CONVERSION = YES;
				CLANG_WARN_NON_LITERAL_NULL_CONVERSION = YES;
				CLANG_WARN_OBJC_IMPLICIT_RETAIN_SELF = YES;
				CLANG_WARN_OBJC_LITERAL_CONVERSION = YES;
				CLANG_WARN_OBJC_ROOT_CLASS = YES_ERROR;
				CLANG_WARN_QUOTED_INCLUDE_IN_FRAMEWORK_HEADER = YES;
				CLANG_WARN_RANGE_LOOP_ANALYSIS = YES;
				CLANG_WARN_STRICT_PROTOTYPES = YES;
				CLANG_WARN_SUSPICIOUS_MOVE = YES;
				CLANG_WARN_UNGUARDED_AVAILABILITY = YES_AGGRESSIVE;
				CLANG_WARN_UNREACHABLE_CODE = YES;
				CLANG_WARN__DUPLICATE_METHOD_MATCH = YES;
				COPY_PHASE_STRIP = NO;
				DEBUG_INFORMATION_FORMAT = dwarf;
				ENABLE_STRICT_OBJC_MSGSEND = YES;
				ENABLE_TESTABILITY = YES;
				GCC_C_LANGUAGE_STANDARD = gnu11;
				GCC_DYNAMIC_NO_PIC = NO;
				GCC_NO_COMMON_BLOCKS = YES;
				GCC_OPTIMIZATION_LEVEL = 0;
				GCC_PREPROCESSOR_DEFINITIONS = (
					"DEBUG=1",
					"$(inherited)",
				);
				GCC_WARN_64_TO_32_BIT_CONVERSION = YES;
				GCC_WARN_ABOUT_RETURN_TYPE = YES_ERROR;
				GCC_WARN_UNDECLARED_SELECTOR = YES;
				GCC_WARN_UNINITIALIZED_AUTOS = YES_AGGRESSIVE;
				GCC_WARN_UNUSED_FUNCTION = YES;
				GCC_WARN_UNUSED_VARIABLE = YES;
				IPHONEOS_DEPLOYMENT_TARGET = 16.4;
				MTL_ENABLE_DEBUG_INFO = INCLUDE_SOURCE;
				MTL_FAST_MATH = YES;
				ONLY_ACTIVE_ARCH = YES;
				SDKROOT = iphoneos;
				SWIFT_ACTIVE_COMPILATION_CONDITIONS = DEBUG;
				SWIFT_OPTIMIZATION_LEVEL = "-Onone";
			};
			name = Debug;
		};
		D0426E1A2A01B6D50009BEB0 /* Release */ = {
			isa = XCBuildConfiguration;
			buildSettings = {
				ALWAYS_SEARCH_USER_PATHS = NO;
				CLANG_ANALYZER_NONNULL = YES;
				CLANG_ANALYZER_NUMBER_OBJECT_CONVERSION = YES_AGGRESSIVE;
				CLANG_CXX_LANGUAGE_STANDARD = "gnu++20";
				CLANG_ENABLE_MODULES = YES;
				CLANG_ENABLE_OBJC_ARC = YES;
				CLANG_ENABLE_OBJC_WEAK = YES;
				CLANG_WARN_BLOCK_CAPTURE_AUTORELEASING = YES;
				CLANG_WARN_BOOL_CONVERSION = YES;
				CLANG_WARN_COMMA = YES;
				CLANG_WARN_CONSTANT_CONVERSION = YES;
				CLANG_WARN_DEPRECATED_OBJC_IMPLEMENTATIONS = YES;
				CLANG_WARN_DIRECT_OBJC_ISA_USAGE = YES_ERROR;
				CLANG_WARN_DOCUMENTATION_COMMENTS = YES;
				CLANG_WARN_EMPTY_BODY = YES;
				CLANG_WARN_ENUM_CONVERSION = YES;
				CLANG_WARN_INFINITE_RECURSION = YES;
				CLANG_WARN_INT_CONVERSION = YES;
				CLANG_WARN_NON_LITERAL_NULL_CONVERSION = YES;
				CLANG_WARN_OBJC_IMPLICIT_RETAIN_SELF = YES;
				CLANG_WARN_OBJC_LITERAL_CONVERSION = YES;
				CLANG_WARN_OBJC_ROOT_CLASS = YES_ERROR;
				CLANG_WARN_QUOTED_INCLUDE_IN_FRAMEWORK_HEADER = YES;
				CLANG_WARN_RANGE_LOOP_ANALYSIS = YES;
				CLANG_WARN_STRICT_PROTOTYPES = YES;
				CLANG_WARN_SUSPICIOUS_MOVE = YES;
				CLANG_WARN_UNGUARDED_AVAILABILITY = YES_AGGRESSIVE;
				CLANG_WARN_UNREACHABLE_CODE = YES;
				CLANG_WARN__DUPLICATE_METHOD_MATCH = YES;
				COPY_PHASE_STRIP = NO;
				DEBUG_INFORMATION_FORMAT = "dwarf-with-dsym";
				ENABLE_NS_ASSERTIONS = NO;
				ENABLE_STRICT_OBJC_MSGSEND = YES;
				GCC_C_LANGUAGE_STANDARD = gnu11;
				GCC_NO_COMMON_BLOCKS = YES;
				GCC_WARN_64_TO_32_BIT_CONVERSION = YES;
				GCC_WARN_ABOUT_RETURN_TYPE = YES_ERROR;
				GCC_WARN_UNDECLARED_SELECTOR = YES;
				GCC_WARN_UNINITIALIZED_AUTOS = YES_AGGRESSIVE;
				GCC_WARN_UNUSED_FUNCTION = YES;
				GCC_WARN_UNUSED_VARIABLE = YES;
				IPHONEOS_DEPLOYMENT_TARGET = 16.4;
				MTL_ENABLE_DEBUG_INFO = NO;
				MTL_FAST_MATH = YES;
				SDKROOT = iphoneos;
				SWIFT_COMPILATION_MODE = wholemodule;
				SWIFT_OPTIMIZATION_LEVEL = "-O";
				VALIDATE_PRODUCT = YES;
			};
			name = Release;
		};
		D0426E1C2A01B6D50009BEB0 /* Debug */ = {
			isa = XCBuildConfiguration;
			buildSettings = {
				ASSETCATALOG_COMPILER_APPICON_NAME = AppIcon;
				ASSETCATALOG_COMPILER_GLOBAL_ACCENT_COLOR_NAME = AccentColor;
				CODE_SIGN_STYLE = Automatic;
				CURRENT_PROJECT_VERSION = 1;
				DEVELOPMENT_ASSET_PATHS = "\"WeatherApp/Preview Content\"";
				DEVELOPMENT_TEAM = D28H8QYV38;
				ENABLE_PREVIEWS = YES;
				GENERATE_INFOPLIST_FILE = YES;
				INFOPLIST_KEY_LSApplicationCategoryType = "public.app-category.weather";
				INFOPLIST_KEY_UIApplicationSceneManifest_Generation = YES;
				INFOPLIST_KEY_UIApplicationSupportsIndirectInputEvents = YES;
				INFOPLIST_KEY_UILaunchScreen_Generation = YES;
				INFOPLIST_KEY_UIStatusBarStyle = "";
				INFOPLIST_KEY_UISupportedInterfaceOrientations = UIInterfaceOrientationPortrait;
				IPHONEOS_DEPLOYMENT_TARGET = 16.0;
				LD_RUNPATH_SEARCH_PATHS = (
					"$(inherited)",
					"@executable_path/Frameworks",
				);
				MARKETING_VERSION = 1.0;
				PRODUCT_BUNDLE_IDENTIFIER = InsertJustin.WeatherApp;
				PRODUCT_NAME = "$(TARGET_NAME)";
				SWIFT_EMIT_LOC_STRINGS = YES;
				SWIFT_VERSION = 5.0;
				TARGETED_DEVICE_FAMILY = "1,2";
			};
			name = Debug;
		};
		D0426E1D2A01B6D50009BEB0 /* Release */ = {
			isa = XCBuildConfiguration;
			buildSettings = {
				ASSETCATALOG_COMPILER_APPICON_NAME = AppIcon;
				ASSETCATALOG_COMPILER_GLOBAL_ACCENT_COLOR_NAME = AccentColor;
				CODE_SIGN_STYLE = Automatic;
				CURRENT_PROJECT_VERSION = 1;
				DEVELOPMENT_ASSET_PATHS = "\"WeatherApp/Preview Content\"";
				DEVELOPMENT_TEAM = D28H8QYV38;
				ENABLE_PREVIEWS = YES;
				GENERATE_INFOPLIST_FILE = YES;
				INFOPLIST_KEY_LSApplicationCategoryType = "public.app-category.weather";
				INFOPLIST_KEY_UIApplicationSceneManifest_Generation = YES;
				INFOPLIST_KEY_UIApplicationSupportsIndirectInputEvents = YES;
				INFOPLIST_KEY_UILaunchScreen_Generation = YES;
				INFOPLIST_KEY_UIStatusBarStyle = "";
				INFOPLIST_KEY_UISupportedInterfaceOrientations = UIInterfaceOrientationPortrait;
				IPHONEOS_DEPLOYMENT_TARGET = 16.0;
				LD_RUNPATH_SEARCH_PATHS = (
					"$(inherited)",
					"@executable_path/Frameworks",
				);
				MARKETING_VERSION = 1.0;
				PRODUCT_BUNDLE_IDENTIFIER = InsertJustin.WeatherApp;
				PRODUCT_NAME = "$(TARGET_NAME)";
				SWIFT_EMIT_LOC_STRINGS = YES;
				SWIFT_VERSION = 5.0;
				TARGETED_DEVICE_FAMILY = "1,2";
			};
			name = Release;
		};
		D0426E1F2A01B6D50009BEB0 /* Debug */ = {
			isa = XCBuildConfiguration;
			buildSettings = {
				ALWAYS_EMBED_SWIFT_STANDARD_LIBRARIES = YES;
				BUNDLE_LOADER = "$(TEST_HOST)";
				CODE_SIGN_STYLE = Automatic;
				CURRENT_PROJECT_VERSION = 1;
				GENERATE_INFOPLIST_FILE = YES;
				IPHONEOS_DEPLOYMENT_TARGET = 16.4;
				MARKETING_VERSION = 1.0;
				PRODUCT_BUNDLE_IDENTIFIER = InsertJustin.WeatherAppTests;
				PRODUCT_NAME = "$(TARGET_NAME)";
				SWIFT_EMIT_LOC_STRINGS = NO;
				SWIFT_VERSION = 5.0;
				TARGETED_DEVICE_FAMILY = "1,2";
				TEST_HOST = "$(BUILT_PRODUCTS_DIR)/WeatherApp.app/$(BUNDLE_EXECUTABLE_FOLDER_PATH)/WeatherApp";
			};
			name = Debug;
		};
		D0426E202A01B6D50009BEB0 /* Release */ = {
			isa = XCBuildConfiguration;
			buildSettings = {
				ALWAYS_EMBED_SWIFT_STANDARD_LIBRARIES = YES;
				BUNDLE_LOADER = "$(TEST_HOST)";
				CODE_SIGN_STYLE = Automatic;
				CURRENT_PROJECT_VERSION = 1;
				GENERATE_INFOPLIST_FILE = YES;
				IPHONEOS_DEPLOYMENT_TARGET = 16.4;
				MARKETING_VERSION = 1.0;
				PRODUCT_BUNDLE_IDENTIFIER = InsertJustin.WeatherAppTests;
				PRODUCT_NAME = "$(TARGET_NAME)";
				SWIFT_EMIT_LOC_STRINGS = NO;
				SWIFT_VERSION = 5.0;
				TARGETED_DEVICE_FAMILY = "1,2";
				TEST_HOST = "$(BUILT_PRODUCTS_DIR)/WeatherApp.app/$(BUNDLE_EXECUTABLE_FOLDER_PATH)/WeatherApp";
			};
			name = Release;
		};
		D0426E222A01B6D50009BEB0 /* Debug */ = {
			isa = XCBuildConfiguration;
			buildSettings = {
				ALWAYS_EMBED_SWIFT_STANDARD_LIBRARIES = YES;
				CODE_SIGN_STYLE = Automatic;
				CURRENT_PROJECT_VERSION = 1;
				GENERATE_INFOPLIST_FILE = YES;
				MARKETING_VERSION = 1.0;
				PRODUCT_BUNDLE_IDENTIFIER = InsertJustin.WeatherAppUITests;
				PRODUCT_NAME = "$(TARGET_NAME)";
				SWIFT_EMIT_LOC_STRINGS = NO;
				SWIFT_VERSION = 5.0;
				TARGETED_DEVICE_FAMILY = "1,2";
				TEST_TARGET_NAME = WeatherApp;
			};
			name = Debug;
		};
		D0426E232A01B6D50009BEB0 /* Release */ = {
			isa = XCBuildConfiguration;
			buildSettings = {
				ALWAYS_EMBED_SWIFT_STANDARD_LIBRARIES = YES;
				CODE_SIGN_STYLE = Automatic;
				CURRENT_PROJECT_VERSION = 1;
				GENERATE_INFOPLIST_FILE = YES;
				MARKETING_VERSION = 1.0;
				PRODUCT_BUNDLE_IDENTIFIER = InsertJustin.WeatherAppUITests;
				PRODUCT_NAME = "$(TARGET_NAME)";
				SWIFT_EMIT_LOC_STRINGS = NO;
				SWIFT_VERSION = 5.0;
				TARGETED_DEVICE_FAMILY = "1,2";
				TEST_TARGET_NAME = WeatherApp;
			};
			name = Release;
		};
/* End XCBuildConfiguration section */

/* Begin XCConfigurationList section */
		D0426DF22A01B6D30009BEB0 /* Build configuration list for PBXProject "WeatherApp" */ = {
			isa = XCConfigurationList;
			buildConfigurations = (
				D0426E192A01B6D50009BEB0 /* Debug */,
				D0426E1A2A01B6D50009BEB0 /* Release */,
			);
			defaultConfigurationIsVisible = 0;
			defaultConfigurationName = Release;
		};
		D0426E1B2A01B6D50009BEB0 /* Build configuration list for PBXNativeTarget "WeatherApp" */ = {
			isa = XCConfigurationList;
			buildConfigurations = (
				D0426E1C2A01B6D50009BEB0 /* Debug */,
				D0426E1D2A01B6D50009BEB0 /* Release */,
			);
			defaultConfigurationIsVisible = 0;
			defaultConfigurationName = Release;
		};
		D0426E1E2A01B6D50009BEB0 /* Build configuration list for PBXNativeTarget "WeatherAppTests" */ = {
			isa = XCConfigurationList;
			buildConfigurations = (
				D0426E1F2A01B6D50009BEB0 /* Debug */,
				D0426E202A01B6D50009BEB0 /* Release */,
			);
			defaultConfigurationIsVisible = 0;
			defaultConfigurationName = Release;
		};
		D0426E212A01B6D50009BEB0 /* Build configuration list for PBXNativeTarget "WeatherAppUITests" */ = {
			isa = XCConfigurationList;
			buildConfigurations = (
				D0426E222A01B6D50009BEB0 /* Debug */,
				D0426E232A01B6D50009BEB0 /* Release */,
			);
			defaultConfigurationIsVisible = 0;
			defaultConfigurationName = Release;
		};
/* End XCConfigurationList section */
	};
	rootObject = D0426DEF2A01B6D30009BEB0 /* Project object */;
}
